
Microsoft Visual Studio Solution File, Format Version 12.00
# Visual Studio Version 17
VisualStudioVersion = 17.0.32014.148
MinimumVisualStudioVersion = 10.0.40219.1
Project("{9A19103F-16F7-4668-BE54-9A1E7A4F7556}") = "AWSLambdaFunctionsSimpleSpike", "AWSLambdaFunctionsSimpleSpike\AWSLambdaFunctionsSimpleSpike.csproj", "{07B1B37C-6D61-43FD-842D-4A1441FB3FC7}"
EndProject
Project("{9A19103F-16F7-4668-BE54-9A1E7A4F7556}") = "AWSLambdaFunctionsSimpleSpike.Tests", "AWSLambdaFunctionsSpikes.Tests\AWSLambdaFunctionsSimpleSpike.Tests.csproj", "{BA338AB9-AFD3-4E8C-9518-D04E0053B3B8}"
EndProject
Global
	GlobalSection(SolutionConfigurationPlatforms) = preSolution
		Debug|Any CPU = Debug|Any CPU
		Release|Any CPU = Release|Any CPU
	EndGlobalSection
	GlobalSection(ProjectConfigurationPlatforms) = postSolution
		{07B1B37C-6D61-43FD-842D-4A1441FB3FC7}.Debug|Any CPU.ActiveCfg = Debug|Any CPU
		{07B1B37C-6D61-43FD-842D-4A1441FB3FC7}.Debug|Any CPU.Build.0 = Debug|Any CPU
		{07B1B37C-6D61-43FD-842D-4A1441FB3FC7}.Release|Any CPU.ActiveCfg = Release|Any CPU
		{07B1B37C-6D61-43FD-842D-4A1441FB3FC7}.Release|Any CPU.Build.0 = Release|Any CPU
		{BA338AB9-AFD3-4E8C-9518-D04E0053B3B8}.Debug|Any CPU.ActiveCfg = Debug|Any CPU
		{BA338AB9-AFD3-4E8C-9518-D04E0053B3B8}.Debug|Any CPU.Build.0 = Debug|Any CPU
		{BA338AB9-AFD3-4E8C-9518-D04E0053B3B8}.Release|Any CPU.ActiveCfg = Release|Any CPU
		{BA338AB9-AFD3-4E8C-9518-D04E0053B3B8}.Release|Any CPU.Build.0 = Release|Any CPU
	EndGlobalSection
	GlobalSection(SolutionProperties) = preSolution
		HideSolutionNode = FALSE
	EndGlobalSection
	GlobalSection(ExtensibilityGlobals) = postSolution
		SolutionGuid = {537B78E6-FB9A-4904-8CB8-6A891431A4FE}
	EndGlobalSection
EndGlobal
